
Microsoft Visual Studio Solution File, Format Version 12.00
# Visual Studio Version 18
VisualStudioVersion = 18.4.11612.150 stable
MinimumVisualStudioVersion = 10.0.40219.1
Project("{FAE04EC0-301F-11D3-BF4B-00C04F79EFBC}") = "Trading212Mcp", "Trading212Mcp.csproj", "{C2D6B08E-B4C2-D160-11D2-B605EE07DBF0}"
EndProject
Global
	GlobalSection(SolutionConfigurationPlatforms) = preSolution
		Debug|Any CPU = Debug|Any CPU
		Release|Any CPU = Release|Any CPU
	EndGlobalSection
	GlobalSection(ProjectConfigurationPlatforms) = postSolution
		{C2D6B08E-B4C2-D160-11D2-B605EE07DBF0}.Debug|Any CPU.ActiveCfg = Debug|Any CPU
		{C2D6B08E-B4C2-D160-11D2-B605EE07DBF0}.Debug|Any CPU.Build.0 = Debug|Any CPU
		{C2D6B08E-B4C2-D160-11D2-B605EE07DBF0}.Release|Any CPU.ActiveCfg = Release|Any CPU
		{C2D6B08E-B4C2-D160-11D2-B605EE07DBF0}.Release|Any CPU.Build.0 = Release|Any CPU
	EndGlobalSection
	GlobalSection(SolutionProperties) = preSolution
		HideSolutionNode = FALSE
	EndGlobalSection
	GlobalSection(ExtensibilityGlobals) = postSolution
		SolutionGuid = {4FAC3AF8-99ED-4C22-9885-1B75775EBC07}
	EndGlobalSection
EndGlobal
